
Microsoft Visual Studio Solution File, Format Version 12.00
# Visual Studio 2012
Project("{FAE04EC0-301F-11D3-BF4B-00C04F79EFBC}") = "Calculator.lib", "Calculator.lib\Calculator.lib.csproj", "{3236D6D6-62F1-4BE5-9035-2EE9609095C7}"
EndProject
Project("{FAE04EC0-301F-11D3-BF4B-00C04F79EFBC}") = "Calculator.test", "Calculator.test\Calculator.test.csproj", "{488805DE-DEE4-4D20-AE2F-D87214C8A2D2}"
EndProject
Global
	GlobalSection(SolutionConfigurationPlatforms) = preSolution
		Debug|Any CPU = Debug|Any CPU
		Release|Any CPU = Release|Any CPU
	EndGlobalSection
	GlobalSection(ProjectConfigurationPlatforms) = postSolution
		{3236D6D6-62F1-4BE5-9035-2EE9609095C7}.Debug|Any CPU.ActiveCfg = Debug|Any CPU
		{3236D6D6-62F1-4BE5-9035-2EE9609095C7}.Debug|Any CPU.Build.0 = Debug|Any CPU
		{3236D6D6-62F1-4BE5-9035-2EE9609095C7}.Release|Any CPU.ActiveCfg = Release|Any CPU
		{3236D6D6-62F1-4BE5-9035-2EE9609095C7}.Release|Any CPU.Build.0 = Release|Any CPU
		{488805DE-DEE4-4D20-AE2F-D87214C8A2D2}.Debug|Any CPU.ActiveCfg = Debug|Any CPU
		{488805DE-DEE4-4D20-AE2F-D87214C8A2D2}.Debug|Any CPU.Build.0 = Debug|Any CPU
		{488805DE-DEE4-4D20-AE2F-D87214C8A2D2}.Release|Any CPU.ActiveCfg = Release|Any CPU
		{488805DE-DEE4-4D20-AE2F-D87214C8A2D2}.Release|Any CPU.Build.0 = Release|Any CPU
	EndGlobalSection
	GlobalSection(SolutionProperties) = preSolution
		HideSolutionNode = FALSE
	EndGlobalSection
EndGlobal
